github.com/thishw/media-hugo-shared v0.0.0-20260717060357-ef03d9b0ac1c h1:nOcxRKdXvXP6XQ5D+vwfC8qOzMV6Utvy4O34Sr/FHf8=
github.com/thishw/media-hugo-shared v0.0.0-20260717060357-ef03d9b0ac1c/go.mod h1:tvxIY4YDJ8pgQRSLGLq/AlILwY0HWibx1tX1Fy9agew=
github.com/thishw/media-hugo-shared v0.0.0-20260724072838-41a28ea44220 h1:9EfaanOTIAQ7L5bLiz1VjLDvvBiQ9DhzdbPaXffJlQQ=
github.com/thishw/media-hugo-shared v0.0.0-20260724072838-41a28ea44220/go.mod h1:tvxIY4YDJ8pgQRSLGLq/AlILwY0HWibx1tX1Fy9agew=
